
Microsoft Visual Studio Solution File, Format Version 12.00
# Visual Studio Version 16
VisualStudioVersion = 16.0.32413.511
MinimumVisualStudioVersion = 10.0.40219.1
Project("{FAE04EC0-301F-11D3-BF4B-00C04F79EFBC}") = "PersonelTakip", "PersonelTakip\PersonelTakip.csproj", "{6C9A41AA-B9FE-42FF-8E85-BF3207F35745}"
EndProject
Project("{FAE04EC0-301F-11D3-BF4B-00C04F79EFBC}") = "BLL", "BLL\BLL.csproj", "{8D258685-4A39-4622-862D-CEE90AE5DDC2}"
EndProject
Project("{FAE04EC0-301F-11D3-BF4B-00C04F79EFBC}") = "DAL", "DAL\DAL.csproj", "{B288DF3D-B38E-4B00-A4DC-1F3E64F2E073}"
EndProject
Global
	GlobalSection(SolutionConfigurationPlatforms) = preSolution
		Debug|Any CPU = Debug|Any CPU
		Release|Any CPU = Release|Any CPU
	EndGlobalSection
	GlobalSection(ProjectConfigurationPlatforms) = postSolution
		{6C9A41AA-B9FE-42FF-8E85-BF3207F35745}.Debug|Any CPU.ActiveCfg = Debug|Any CPU
		{6C9A41AA-B9FE-42FF-8E85-BF3207F35745}.Debug|Any CPU.Build.0 = Debug|Any CPU
		{6C9A41AA-B9FE-42FF-8E85-BF3207F35745}.Release|Any CPU.ActiveCfg = Release|Any CPU
		{6C9A41AA-B9FE-42FF-8E85-BF3207F35745}.Release|Any CPU.Build.0 = Release|Any CPU
		{8D258685-4A39-4622-862D-CEE90AE5DDC2}.Debug|Any CPU.ActiveCfg = Debug|Any CPU
		{8D258685-4A39-4622-862D-CEE90AE5DDC2}.Debug|Any CPU.Build.0 = Debug|Any CPU
		{8D258685-4A39-4622-862D-CEE90AE5DDC2}.Release|Any CPU.ActiveCfg = Release|Any CPU
		{8D258685-4A39-4622-862D-CEE90AE5DDC2}.Release|Any CPU.Build.0 = Release|Any CPU
		{B288DF3D-B38E-4B00-A4DC-1F3E64F2E073}.Debug|Any CPU.ActiveCfg = Debug|Any CPU
		{B288DF3D-B38E-4B00-A4DC-1F3E64F2E073}.Debug|Any CPU.Build.0 = Debug|Any CPU
		{B288DF3D-B38E-4B00-A4DC-1F3E64F2E073}.Release|Any CPU.ActiveCfg = Release|Any CPU
		{B288DF3D-B38E-4B00-A4DC-1F3E64F2E073}.Release|Any CPU.Build.0 = Release|Any CPU
	EndGlobalSection
	GlobalSection(SolutionProperties) = preSolution
		HideSolutionNode = FALSE
	EndGlobalSection
	GlobalSection(ExtensibilityGlobals) = postSolution
		SolutionGuid = {00AACDD6-D653-41CA-B206-CC65948D633D}
	EndGlobalSection
EndGlobal
